{
  "lockfile-version": 1,
  "manifest": {
    "version": 1,
    "install": {
      "bash": {
        "pkg-path": "bash",
        "priority": 0
      },
      "curl": {
        "pkg-path": "curl"
      },
      "gcc-unwrapped": {
        "pkg-path": "gcc-unwrapped"
      },
      "glibc": {
        "pkg-path": "glibc",
        "systems": [
          "x86_64-linux",
          "aarch64-linux"
        ]
      },
      "gum": {
        "pkg-path": "gum"
      },
      "ollama": {
        "pkg-path": "ollama"
      },
      "pkg-config": {
        "pkg-path": "pkg-config"
      },
      "python": {
        "pkg-path": "python311"
      },
      "weaviate": {
        "pkg-path": "weaviate"
      }
    },
    "vars": {
      "AUTHENTICATION_ANONYMOUS_ACCESS_ENABLED": "true",
      "OLLAMA_EMBED_MODEL": "mxbai-embed-large",
      "OLLAMA_MODEL": "llama3",
      "OLLAMA_URL": "http://localhost:11434",
      "PERSISTENCE_DATA_PATH": "./verba-data",
      "QUERY_DEFAULTS_LIMIT": "10",
      "VERBA_INSTALL_PACKAGE": "goldenverba@git+https://github.com/weaviate/Verba",
      "VIRTUAL_ENV_DISABLE_PROMPT": "1",
      "WEAVIATE_URL_VERBA": "localhost",
      "WEAVIATE_URL_VERBA_full": "http://localhost:8080"
    },
    "hook": {
      "on-activate": "# If we export this here, it can be used later in 'profiles.common'\nexport PYTHON_DIR=\"$FLOX_ENV_CACHE/python\"\n\nif [ ! -d \"$PYTHON_DIR\" ]; then\n  gum spin -s globe --title \"Creating venv in $PYTHON_DIR...\" -- python -m venv \"$PYTHON_DIR\"\nfi\n\n(\n  source \"$PYTHON_DIR/bin/activate\"\n  gum spin -s monkey --title \"Installing/updating Verba...\" -- pip install \"$VERBA_INSTALL_PACKAGE\"\n)\n"
    },
    "profile": {
      "common": "  # Activate the Python venv\n  source \"$PYTHON_DIR/bin/activate\"\n"
    },
    "options": {
      "systems": [
        "aarch64-darwin",
        "aarch64-linux",
        "x86_64-linux",
        "x86_64-darwin"
      ],
      "allow": {
        "licenses": []
      },
      "semver": {}
    },
    "services": {
      "models": {
        "command": "# wait for ollama to be ready\nuntil ollama list; do\n  sleep 0.1\ndone\n\nollama pull \"$OLLAMA_MODEL\"\nollama pull \"$OLLAMA_EMBED_MODEL\"\n",
        "vars": null,
        "is-daemon": null,
        "shutdown": null,
        "systems": null
      },
      "ollama": {
        "command": "ollama serve",
        "vars": null,
        "is-daemon": null,
        "shutdown": null,
        "systems": null
      },
      "verba": {
        "command": "if [[ \"$WEAVIATE_URL_VERBA\" != \"\" ]]; then\n  until curl -s \"$WEAVIATE_URL_VERBA_full\"; do\n    echo \"waiting for weaviate ...\"\n    sleep 0.1\n  done\nfi\n\"$PYTHON_DIR/bin/verba\" start --port 8000 --host 0.0.0.0\n",
        "vars": null,
        "is-daemon": null,
        "shutdown": null,
        "systems": null
      },
      "weaviate": {
        "command": "weaviate --host 0.0.0.0 --port 8080 --scheme http",
        "vars": null,
        "is-daemon": null,
        "shutdown": null,
        "systems": null
      }
    }
  },
  "packages": [
    {
      "attr_path": "bash",
      "broken": false,
      "derivation": "/nix/store/kvcrv4yd69z4dcicm5sl7a1v7mkcan28-bash-5.2p32.drv",
      "description": "GNU Bourne-Again Shell, the de facto standard shell on Linux",
      "install_id": "bash",
      "license": "GPL-3.0-or-later",
      "locked_url": "https://github.com/flox/nixpkgs?rev=18536bf04cd71abd345f9579158841376fdd0c5a",
      "name": "bash-5.2p32",
      "pname": "bash",
      "rev": "18536bf04cd71abd345f9579158841376fdd0c5a",
      "rev_count": 696981,
      "rev_date": "2024-10-25T18:19:15Z",
      "scrape_date": "2024-10-28T04:00:37Z",
      "stabilities": [
        "unstable"
      ],
      "unfree": false,
      "version": "5.2p32",
      "outputs_to_install": [
        "out",
        "man"
      ],
      "outputs": {
        "dev": "/nix/store/8839i4a82s1gi03y6y119i824akjdw8q-bash-5.2p32-dev",
        "doc": "/nix/store/nbd42in15j01cafp06lxjagmlm6ns9ch-bash-5.2p32-doc",
        "info": "/nix/store/axzhk16m9yc4cjg3spk7k16xxvf1rjvk-bash-5.2p32-info",
        "man": "/nix/store/9pjrvj2spk0czxwwpl7sz7g9mii2jz41-bash-5.2p32-man",
        "out": "/nix/store/0w0hhy7rmn5xisasdr4v4p958x114sj1-bash-5.2p32"
      },
      "system": "aarch64-darwin",
      "group": "toplevel",
      "priority": 0
    },
    {
      "attr_path": "bash",
      "broken": false,
      "derivation": "/nix/store/b1fkd0yvnrhjfylyyh1z0vsg46m4dnwy-bash-5.2p32.drv",
      "description": "GNU Bourne-Again Shell, the de facto standard shell on Linux",
      "install_id": "bash",
      "license": "GPL-3.0-or-later",
      "locked_url": "https://github.com/flox/nixpkgs?rev=18536bf04cd71abd345f9579158841376fdd0c5a",
      "name": "bash-5.2p32",
      "pname": "bash",
      "rev": "18536bf04cd71abd345f9579158841376fdd0c5a",
      "rev_count": 696981,
      "rev_date": "2024-10-25T18:19:15Z",
      "scrape_date": "2024-10-28T04:00:37Z",
      "stabilities": [
        "unstable"
      ],
      "unfree": false,
      "version": "5.2p32",
      "outputs_to_install": [
        "out",
        "man"
      ],
      "outputs": {
        "debug": "/nix/store/vlhxk6lnmn3cs888nvip6prfnaxcvx3v-bash-5.2p32-debug",
        "dev": "/nix/store/6hawbckg7xdjq1ikjb0xzmrrkfv5372b-bash-5.2p32-dev",
        "doc": "/nix/store/flw4h6radqyj77gyl1jz42vx0lxx35by-bash-5.2p32-doc",
        "info": "/nix/store/iikmi8x4n0z1fr7mz59afh3y3vk1019k-bash-5.2p32-info",
        "man": "/nix/store/rn94wx712zy76dpk6qmdicx4g42x848p-bash-5.2p32-man",
        "out": "/nix/store/k2wspf0nq81hxjwxsnb8r9cg08qngdk2-bash-5.2p32"
      },
      "system": "aarch64-linux",
      "group": "toplevel",
      "priority": 0
    },
    {
      "attr_path": "bash",
      "broken": false,
      "derivation": "/nix/store/nkj6x4ajnxz1w80mhi7sspjpkvgp3bpk-bash-5.2p32.drv",
      "description": "GNU Bourne-Again Shell, the de facto standard shell on Linux",
      "install_id": "bash",
      "license": "GPL-3.0-or-later",
      "locked_url": "https://github.com/flox/nixpkgs?rev=18536bf04cd71abd345f9579158841376fdd0c5a",
      "name": "bash-5.2p32",
      "pname": "bash",
      "rev": "18536bf04cd71abd345f9579158841376fdd0c5a",
      "rev_count": 696981,
      "rev_date": "2024-10-25T18:19:15Z",
      "scrape_date": "2024-10-28T04:00:37Z",
      "stabilities": [
        "unstable"
      ],
      "unfree": false,
      "version": "5.2p32",
      "outputs_to_install": [
        "out",
        "man"
      ],
      "outputs": {
        "debug": "/nix/store/kxpifz480zsgjiwnm85rcxz7y44grp0a-bash-5.2p32-debug",
        "dev": "/nix/store/vdrbdfmknwi7ab89wqdk7am1qjjkidl7-bash-5.2p32-dev",
        "doc": "/nix/store/k4ahxnl4j78yk0m8zawnh80b7xfz17hq-bash-5.2p32-doc",
        "info": "/nix/store/kr02rv1zaqc5srs8zsc279jirfd5q3cx-bash-5.2p32-info",
        "man": "/nix/store/07fbcsqwmjh5p9cf2asfqhispyxf5y6q-bash-5.2p32-man",
        "out": "/nix/store/717iy55ncqs0wmhdkwc5fg2vci5wbmq8-bash-5.2p32"
      },
      "system": "x86_64-linux",
      "group": "toplevel",
      "priority": 0
    },
    {
      "attr_path": "bash",
      "broken": false,
      "derivation": "/nix/store/pikkzpl8hwbr6xkvm11l7jmi6q7jkzwx-bash-5.2p32.drv",
      "description": "GNU Bourne-Again Shell, the de facto standard shell on Linux",
      "install_id": "bash",
      "license": "GPL-3.0-or-later",
      "locked_url": "https://github.com/flox/nixpkgs?rev=18536bf04cd71abd345f9579158841376fdd0c5a",
      "name": "bash-5.2p32",
      "pname": "bash",
      "rev": "18536bf04cd71abd345f9579158841376fdd0c5a",
      "rev_count": 696981,
      "rev_date": "2024-10-25T18:19:15Z",
      "scrape_date": "2024-10-28T04:00:37Z",
      "stabilities": [
        "unstable"
      ],
      "unfree": false,
      "version": "5.2p32",
      "outputs_to_install": [
        "out",
        "man"
      ],
      "outputs": {
        "dev": "/nix/store/34zrv25dm92aki051021dy3pdnarkfsq-bash-5.2p32-dev",
        "doc": "/nix/store/3bbbwqc8a1cdsxmqj8qj9s44ygfv1njl-bash-5.2p32-doc",
        "info": "/nix/store/qxvcjk83harmrdl9rd979gw6abcngfm7-bash-5.2p32-info",
        "man": "/nix/store/slmnkld3ymlk3md7j6jl6jjz8c87fs8r-bash-5.2p32-man",
        "out": "/nix/store/m32rsgpxqpnc674ayk60iarj68s5q9lp-bash-5.2p32"
      },
      "system": "x86_64-darwin",
      "group": "toplevel",
      "priority": 0
    },
    {
      "attr_path": "curl",
      "broken": false,
      "derivation": "/nix/store/w4r9gl4znc24ippzsaidxa2nakj47ddj-curl-8.9.1.drv",
      "description": "Command line tool for transferring files with URL syntax",
      "install_id": "curl",
      "license": "curl",
      "locked_url": "https://github.com/flox/nixpkgs?rev=18536bf04cd71abd345f9579158841376fdd0c5a",
      "name": "curl-8.9.1",
      "pname": "curl",
      "rev": "18536bf04cd71abd345f9579158841376fdd0c5a",
      "rev_count": 696981,
      "rev_date": "2024-10-25T18:19:15Z",
      "scrape_date": "2024-10-28T04:00:37Z",
      "stabilities": [
        "unstable"
      ],
      "unfree": false,
      "version": "8.9.1",
      "outputs_to_install": [
        "bin",
        "man"
      ],
      "outputs": {
        "bin": "/nix/store/jwyikhivayg1cnhq8dy396gafw2p7nzc-curl-8.9.1-bin",
        "dev": "/nix/store/vcj58ndz7fxjpsl40g646nwnrg3g5h4w-curl-8.9.1-dev",
        "devdoc": "/nix/store/hkpdd9na2pj9cq52xx285hzvhvp81hag-curl-8.9.1-devdoc",
        "man": "/nix/store/260af9ihhfmf43yx7xyhnpg3qbif95pn-curl-8.9.1-man",
        "out": "/nix/store/8a3dyq9kd9scbsqagfcasv3rkq749c60-curl-8.9.1"
      },
      "system": "aarch64-darwin",
      "group": "toplevel",
      "priority": 5
    },
    {
      "attr_path": "curl",
      "broken": false,
      "derivation": "/nix/store/2qi5mprrbbc38prrckwhvx0jdclsj9s9-curl-8.9.1.drv",
      "description": "Command line tool for transferring files with URL syntax",
      "install_id": "curl",
      "license": "curl",
      "locked_url": "https://github.com/flox/nixpkgs?rev=18536bf04cd71abd345f9579158841376fdd0c5a",
      "name": "curl-8.9.1",
      "pname": "curl",
      "rev": "18536bf04cd71abd345f9579158841376fdd0c5a",
      "rev_count": 696981,
      "rev_date": "2024-10-25T18:19:15Z",
      "scrape_date": "2024-10-28T04:00:37Z",
      "stabilities": [
        "unstable"
      ],
      "unfree": false,
      "version": "8.9.1",
      "outputs_to_install": [
        "bin",
        "man"
      ],
      "outputs": {
        "bin": "/nix/store/20v3m4bkkkhq8pgjwccnpc1cy2r16g3s-curl-8.9.1-bin",
        "debug": "/nix/store/brl478nbjmjlhrc6fgwy0570c5rvr57w-curl-8.9.1-debug",
        "dev": "/nix/store/4rpmwdvmsrlxrfsrdr0qk3jf00sn48sh-curl-8.9.1-dev",
        "devdoc": "/nix/store/xb866d2r4y5h1y8hk966srfpiq37pxra-curl-8.9.1-devdoc",
        "man": "/nix/store/k6sxbdr652d0kxy1c39v5mgfsb5ayw9s-curl-8.9.1-man",
        "out": "/nix/store/h2x0xrfq3iqfn6anb3hld7h3k0dgsj3x-curl-8.9.1"
      },
      "system": "aarch64-linux",
      "group": "toplevel",
      "priority": 5
    },
    {
      "attr_path": "curl",
      "broken": false,
      "derivation": "/nix/store/9gkavlzg7dckdz8b22m7a53ijdf08nvl-curl-8.9.1.drv",
      "description": "Command line tool for transferring files with URL syntax",
      "install_id": "curl",
      "license": "curl",
      "locked_url": "https://github.com/flox/nixpkgs?rev=18536bf04cd71abd345f9579158841376fdd0c5a",
      "name": "curl-8.9.1",
      "pname": "curl",
      "rev": "18536bf04cd71abd345f9579158841376fdd0c5a",
      "rev_count": 696981,
      "rev_date": "2024-10-25T18:19:15Z",
      "scrape_date": "2024-10-28T04:00:37Z",
      "stabilities": [
        "unstable"
      ],
      "unfree": false,
      "version": "8.9.1",
      "outputs_to_install": [
        "bin",
        "man"
      ],
      "outputs": {
        "bin": "/nix/store/mm852m65blp3r7jq3iqyp8nnc64jw1l4-curl-8.9.1-bin",
        "debug": "/nix/store/kwap1vwmmlfwr0s45cb0lgz77knjqgmq-curl-8.9.1-debug",
        "dev": "/nix/store/m8kn1aq1ralckmqfdhl147ql9lpad2ky-curl-8.9.1-dev",
        "devdoc": "/nix/store/r1937djiayiws99hwh74jlsnxyip0r1g-curl-8.9.1-devdoc",
        "man": "/nix/store/fzazy0ib1w9mrsrd8fqv2p02z4r1689v-curl-8.9.1-man",
        "out": "/nix/store/czkqnm2prg7lrhxpi7s04yv19xxkkfb5-curl-8.9.1"
      },
      "system": "x86_64-linux",
      "group": "toplevel",
      "priority": 5
    },
    {
      "attr_path": "curl",
      "broken": false,
      "derivation": "/nix/store/qd5ilvd0mw5q7gkqgf83z88agz6jyfl7-curl-8.9.1.drv",
      "description": "Command line tool for transferring files with URL syntax",
      "install_id": "curl",
      "license": "curl",
      "locked_url": "https://github.com/flox/nixpkgs?rev=18536bf04cd71abd345f9579158841376fdd0c5a",
      "name": "curl-8.9.1",
      "pname": "curl",
      "rev": "18536bf04cd71abd345f9579158841376fdd0c5a",
      "rev_count": 696981,
      "rev_date": "2024-10-25T18:19:15Z",
      "scrape_date": "2024-10-28T04:00:37Z",
      "stabilities": [
        "unstable"
      ],
      "unfree": false,
      "version": "8.9.1",
      "outputs_to_install": [
        "bin",
        "man"
      ],
      "outputs": {
        "bin": "/nix/store/mpx4ws0xbllyqljfs2fi3ghdawg9jkza-curl-8.9.1-bin",
        "dev": "/nix/store/h0y0vlbw3nclay3h5g6cslbavpnzgwxp-curl-8.9.1-dev",
        "devdoc": "/nix/store/halagx6ybkdyavmxpj11qq7j9d0hljfd-curl-8.9.1-devdoc",
        "man": "/nix/store/h014hmwi97j892zjxcchm2gzkgw7bj56-curl-8.9.1-man",
        "out": "/nix/store/iafphqafhksq4wil0amk9nxrd757zfdp-curl-8.9.1"
      },
      "system": "x86_64-darwin",
      "group": "toplevel",
      "priority": 5
    },
    {
      "attr_path": "gcc-unwrapped",
      "broken": false,
      "derivation": "/nix/store/xsvw3q5li4xbamw9ac7012gbk65x3xdq-gcc-13.3.0.drv",
      "description": "GNU Compiler Collection, version 13.3.0",
      "install_id": "gcc-unwrapped",
      "license": "GPL-3.0-or-later",
      "locked_url": "https://github.com/flox/nixpkgs?rev=18536bf04cd71abd345f9579158841376fdd0c5a",
      "name": "gcc-13.3.0",
      "pname": "gcc-unwrapped",
      "rev": "18536bf04cd71abd345f9579158841376fdd0c5a",
      "rev_count": 696981,
      "rev_date": "2024-10-25T18:19:15Z",
      "scrape_date": "2024-10-28T04:00:37Z",
      "stabilities": [
        "unstable"
      ],
      "unfree": false,
      "version": "gcc-13.3.0",
      "outputs_to_install": [
        "out",
        "man"
      ],
      "outputs": {
        "info": "/nix/store/k8i74v73lnqz7vkhfm1myxh2vyvfaka7-gcc-13.3.0-info",
        "lib": "/nix/store/6kr46lx29dw3nd8xl28mv5h151s040j7-gcc-13.3.0-lib",
        "man": "/nix/store/3a0d0l2yfrrhalwzg2023c9kb607chyv-gcc-13.3.0-man",
        "out": "/nix/store/wx46lrii10gji7i6rk9gmyd62y9n9wyz-gcc-13.3.0"
      },
      "system": "aarch64-darwin",
      "group": "toplevel",
      "priority": 5
    },
    {
      "attr_path": "gcc-unwrapped",
      "broken": false,
      "derivation": "/nix/store/vf68k49prkdma795nj46misa00zxx62b-gcc-13.3.0.drv",
      "description": "GNU Compiler Collection, version 13.3.0",
      "install_id": "gcc-unwrapped",
      "license": "GPL-3.0-or-later",
      "locked_url": "https://github.com/flox/nixpkgs?rev=18536bf04cd71abd345f9579158841376fdd0c5a",
      "name": "gcc-13.3.0",
      "pname": "gcc-unwrapped",
      "rev": "18536bf04cd71abd345f9579158841376fdd0c5a",
      "rev_count": 696981,
      "rev_date": "2024-10-25T18:19:15Z",
      "scrape_date": "2024-10-28T04:00:37Z",
      "stabilities": [
        "unstable"
      ],
      "unfree": false,
      "version": "gcc-13.3.0",
      "outputs_to_install": [
        "out",
        "man"
      ],
      "outputs": {
        "checksum": "/nix/store/w48ijv2wa89vbn967hsi8f9f75xfx1by-gcc-13.3.0-checksum",
        "info": "/nix/store/3hfxiisdnl5f5q3hda96s243fh6vfk8s-gcc-13.3.0-info",
        "lib": "/nix/store/9ki1b72wzh9b5g9pl9sdqg691clrriq7-gcc-13.3.0-lib",
        "libgcc": "/nix/store/dajy07dbzdag6vbmcdbhqhnn2hiaiwhd-gcc-13.3.0-libgcc",
        "man": "/nix/store/0mhy62y8caj7wlhmm9392y1ncl0xr8h0-gcc-13.3.0-man",
        "out": "/nix/store/3y6ami71csargy3hbrdc15lbkdi3icyy-gcc-13.3.0"
      },
      "system": "aarch64-linux",
      "group": "toplevel",
      "priority": 5
    },
    {
      "attr_path": "gcc-unwrapped",
      "broken": false,
      "derivation": "/nix/store/74y9p0kqg4rjysvsr0jgz16hpkrhf8pz-gcc-13.3.0.drv",
      "description": "GNU Compiler Collection, version 13.3.0",
      "install_id": "gcc-unwrapped",
      "license": "GPL-3.0-or-later",
      "locked_url": "https://github.com/flox/nixpkgs?rev=18536bf04cd71abd345f9579158841376fdd0c5a",
      "name": "gcc-13.3.0",
      "pname": "gcc-unwrapped",
      "rev": "18536bf04cd71abd345f9579158841376fdd0c5a",
      "rev_count": 696981,
      "rev_date": "2024-10-25T18:19:15Z",
      "scrape_date": "2024-10-28T04:00:37Z",
      "stabilities": [
        "unstable"
      ],
      "unfree": false,
      "version": "gcc-13.3.0",
      "outputs_to_install": [
        "out",
        "man"
      ],
      "outputs": {
        "checksum": "/nix/store/xd941k2flwqwx9zxzi6iikd23496hnbh-gcc-13.3.0-checksum",
        "info": "/nix/store/i0wzk70ykq0cw4d0dp6l2zm8mc4g5a1x-gcc-13.3.0-info",
        "lib": "/nix/store/y3kdn61k93rq2jx1lj2x72lnsk0l92qh-gcc-13.3.0-lib",
        "libgcc": "/nix/store/lw294qfdnf29lhxqwzy9byrmx975rvn9-gcc-13.3.0-libgcc",
        "man": "/nix/store/m2f7pnmmwnv71p5q36v5vmrwvsrnpyfp-gcc-13.3.0-man",
        "out": "/nix/store/0vsyw5bhwmisszyfd1a0sdnwvnf4qa5a-gcc-13.3.0"
      },
      "system": "x86_64-linux",
      "group": "toplevel",
      "priority": 5
    },
    {
      "attr_path": "gcc-unwrapped",
      "broken": false,
      "derivation": "/nix/store/421szqx5xcaix72p87664xigyjf9yl7d-gcc-13.3.0.drv",
      "description": "GNU Compiler Collection, version 13.3.0",
      "install_id": "gcc-unwrapped",
      "license": "GPL-3.0-or-later",
      "locked_url": "https://github.com/flox/nixpkgs?rev=18536bf04cd71abd345f9579158841376fdd0c5a",
      "name": "gcc-13.3.0",
      "pname": "gcc-unwrapped",
      "rev": "18536bf04cd71abd345f9579158841376fdd0c5a",
      "rev_count": 696981,
      "rev_date": "2024-10-25T18:19:15Z",
      "scrape_date": "2024-10-28T04:00:37Z",
      "stabilities": [
        "unstable"
      ],
      "unfree": false,
      "version": "gcc-13.3.0",
      "outputs_to_install": [
        "out",
        "man"
      ],
      "outputs": {
        "info": "/nix/store/cv6w2shaysyi3im061r379kcmgzjr9xi-gcc-13.3.0-info",
        "lib": "/nix/store/mph9fikx3fx6va81jras97mxnnw7ijw6-gcc-13.3.0-lib",
        "man": "/nix/store/nig6h6iq8gk351x8wb15hcs5aksfyy7n-gcc-13.3.0-man",
        "out": "/nix/store/qk0y65nvivkzb7ipn7hlwaay5fh3478a-gcc-13.3.0"
      },
      "system": "x86_64-darwin",
      "group": "toplevel",
      "priority": 5
    },
    {
      "attr_path": "glibc",
      "broken": false,
      "derivation": "/nix/store/fpc40k6jgl3ig2mbq6qxy2m5hdfzja9m-glibc-2.40-36.drv",
      "description": "GNU C Library",
      "install_id": "glibc",
      "license": "LGPL-2.0-or-later",
      "locked_url": "https://github.com/flox/nixpkgs?rev=18536bf04cd71abd345f9579158841376fdd0c5a",
      "name": "glibc-2.40-36",
      "pname": "glibc",
      "rev": "18536bf04cd71abd345f9579158841376fdd0c5a",
      "rev_count": 696981,
      "rev_date": "2024-10-25T18:19:15Z",
      "scrape_date": "2024-10-28T04:00:37Z",
      "stabilities": [
        "unstable"
      ],
      "unfree": false,
      "version": "2.40-36",
      "outputs_to_install": [
        "bin"
      ],
      "outputs": {
        "bin": "/nix/store/vpsla1ivhavzd4fmi95yzmgb4g9rd072-glibc-2.40-36-bin",
        "debug": "/nix/store/z2sw3rmg6n5ypnmmyi8k0nzim3axjifn-glibc-2.40-36-debug",
        "dev": "/nix/store/n15bxkd7id2gvlwpihm4kp675aqkrwmj-glibc-2.40-36-dev",
        "getent": "/nix/store/vh67ndapi0ppz56qdap9yv03x2i296aj-glibc-2.40-36-getent",
        "out": "/nix/store/sl141d1g77wvhr050ah87lcyz2czdxa3-glibc-2.40-36",
        "static": "/nix/store/lk3bic74lmbhx31d4q7cicvfwb6s2pqn-glibc-2.40-36-static"
      },
      "system": "x86_64-linux",
      "group": "toplevel",
      "priority": 5
    },
    {
      "attr_path": "glibc",
      "broken": false,
      "derivation": "/nix/store/3nhfrp16d344z80kfw8n0i9canw4x1j6-glibc-2.40-36.drv",
      "description": "GNU C Library",
      "install_id": "glibc",
      "license": "LGPL-2.0-or-later",
      "locked_url": "https://github.com/flox/nixpkgs?rev=18536bf04cd71abd345f9579158841376fdd0c5a",
      "name": "glibc-2.40-36",
      "pname": "glibc",
      "rev": "18536bf04cd71abd345f9579158841376fdd0c5a",
      "rev_count": 696981,
      "rev_date": "2024-10-25T18:19:15Z",
      "scrape_date": "2024-10-28T04:00:37Z",
      "stabilities": [
        "unstable"
      ],
      "unfree": false,
      "version": "2.40-36",
      "outputs_to_install": [
        "bin"
      ],
      "outputs": {
        "bin": "/nix/store/2idfdm25lr2dgdh1p9mz7r6cl7gc3fdz-glibc-2.40-36-bin",
        "debug": "/nix/store/5vh6bzpxa7fx54m31i1ci1ccz412pynz-glibc-2.40-36-debug",
        "dev": "/nix/store/a79372lvalazma0jzpkajm4q6s8m84ks-glibc-2.40-36-dev",
        "getent": "/nix/store/8ha5gmibmlzyvi2dy7rlgd4fj7s21ndc-glibc-2.40-36-getent",
        "out": "/nix/store/qii6jadf3xrhg4y0f5m09k11lh5ymwnv-glibc-2.40-36",
        "static": "/nix/store/xs4awsjrh5sgci7jnvsifqz8gr4s4gqn-glibc-2.40-36-static"
      },
      "system": "aarch64-linux",
      "group": "toplevel",
      "priority": 5
    },
    {
      "attr_path": "gum",
      "broken": false,
      "derivation": "/nix/store/d6kkfkqypl6igsgs5x1gmjyg47pm0izw-gum-0.14.5.drv",
      "description": "Tasty Bubble Gum for your shell",
      "install_id": "gum",
      "license": "MIT",
      "locked_url": "https://github.com/flox/nixpkgs?rev=18536bf04cd71abd345f9579158841376fdd0c5a",
      "name": "gum-0.14.5",
      "pname": "gum",
      "rev": "18536bf04cd71abd345f9579158841376fdd0c5a",
      "rev_count": 696981,
      "rev_date": "2024-10-25T18:19:15Z",
      "scrape_date": "2024-10-28T04:00:37Z",
      "stabilities": [
        "unstable"
      ],
      "unfree": false,
      "version": "0.14.5",
      "outputs_to_install": [
        "out"
      ],
      "outputs": {
        "out": "/nix/store/s4yb9a7cvj5vd5yw0nvssf51lmpa5id0-gum-0.14.5"
      },
      "system": "aarch64-darwin",
      "group": "toplevel",
      "priority": 5
    },
    {
      "attr_path": "gum",
      "broken": false,
      "derivation": "/nix/store/6ksswsqaa8n58vgyk3b3zxjky1w2l3a2-gum-0.14.5.drv",
      "description": "Tasty Bubble Gum for your shell",
      "install_id": "gum",
      "license": "MIT",
      "locked_url": "https://github.com/flox/nixpkgs?rev=18536bf04cd71abd345f9579158841376fdd0c5a",
      "name": "gum-0.14.5",
      "pname": "gum",
      "rev": "18536bf04cd71abd345f9579158841376fdd0c5a",
      "rev_count": 696981,
      "rev_date": "2024-10-25T18:19:15Z",
      "scrape_date": "2024-10-28T04:00:37Z",
      "stabilities": [
        "unstable"
      ],
      "unfree": false,
      "version": "0.14.5",
      "outputs_to_install": [
        "out"
      ],
      "outputs": {
        "out": "/nix/store/bw0ii1jjvxd8albrmvi0lin6h1ssz4yi-gum-0.14.5"
      },
      "system": "aarch64-linux",
      "group": "toplevel",
      "priority": 5
    },
    {
      "attr_path": "gum",
      "broken": false,
      "derivation": "/nix/store/czi4h4p0rvcm366d7pwz4jg4da2197sn-gum-0.14.5.drv",
      "description": "Tasty Bubble Gum for your shell",
      "install_id": "gum",
      "license": "MIT",
      "locked_url": "https://github.com/flox/nixpkgs?rev=18536bf04cd71abd345f9579158841376fdd0c5a",
      "name": "gum-0.14.5",
      "pname": "gum",
      "rev": "18536bf04cd71abd345f9579158841376fdd0c5a",
      "rev_count": 696981,
      "rev_date": "2024-10-25T18:19:15Z",
      "scrape_date": "2024-10-28T04:00:37Z",
      "stabilities": [
        "unstable"
      ],
      "unfree": false,
      "version": "0.14.5",
      "outputs_to_install": [
        "out"
      ],
      "outputs": {
        "out": "/nix/store/kma26ygxqp39pm6fl32yjach0czasc3j-gum-0.14.5"
      },
      "system": "x86_64-linux",
      "group": "toplevel",
      "priority": 5
    },
    {
      "attr_path": "gum",
      "broken": false,
      "derivation": "/nix/store/4fhj185pacdd14ysvix8r7yb8qn6ypkr-gum-0.14.5.drv",
      "description": "Tasty Bubble Gum for your shell",
      "install_id": "gum",
      "license": "MIT",
      "locked_url": "https://github.com/flox/nixpkgs?rev=18536bf04cd71abd345f9579158841376fdd0c5a",
      "name": "gum-0.14.5",
      "pname": "gum",
      "rev": "18536bf04cd71abd345f9579158841376fdd0c5a",
      "rev_count": 696981,
      "rev_date": "2024-10-25T18:19:15Z",
      "scrape_date": "2024-10-28T04:00:37Z",
      "stabilities": [
        "unstable"
      ],
      "unfree": false,
      "version": "0.14.5",
      "outputs_to_install": [
        "out"
      ],
      "outputs": {
        "out": "/nix/store/zidlqhd8qq8wljvm38j1j4izx8ww7aps-gum-0.14.5"
      },
      "system": "x86_64-darwin",
      "group": "toplevel",
      "priority": 5
    },
    {
      "attr_path": "ollama",
      "broken": false,
      "derivation": "/nix/store/5p1k08dagbg5xsmjxvi4xx4mdllsy3n4-ollama-0.3.12.drv",
      "description": "Get up and running with large language models locally",
      "install_id": "ollama",
      "license": "MIT",
      "locked_url": "https://github.com/flox/nixpkgs?rev=18536bf04cd71abd345f9579158841376fdd0c5a",
      "name": "ollama-0.3.12",
      "pname": "ollama",
      "rev": "18536bf04cd71abd345f9579158841376fdd0c5a",
      "rev_count": 696981,
      "rev_date": "2024-10-25T18:19:15Z",
      "scrape_date": "2024-10-28T04:00:37Z",
      "stabilities": [
        "unstable"
      ],
      "unfree": false,
      "version": "0.3.12",
      "outputs_to_install": [
        "out"
      ],
      "outputs": {
        "out": "/nix/store/7i5zadmvk0fxdfrm1bvdvpscdhy2psa1-ollama-0.3.12"
      },
      "system": "aarch64-darwin",
      "group": "toplevel",
      "priority": 5
    },
    {
      "attr_path": "ollama",
      "broken": false,
      "derivation": "/nix/store/jwg30vljziikn47hi8w5c2366lq3b6iv-ollama-0.3.12.drv",
      "description": "Get up and running with large language models locally",
      "install_id": "ollama",
      "license": "MIT",
      "locked_url": "https://github.com/flox/nixpkgs?rev=18536bf04cd71abd345f9579158841376fdd0c5a",
      "name": "ollama-0.3.12",
      "pname": "ollama",
      "rev": "18536bf04cd71abd345f9579158841376fdd0c5a",
      "rev_count": 696981,
      "rev_date": "2024-10-25T18:19:15Z",
      "scrape_date": "2024-10-28T04:00:37Z",
      "stabilities": [
        "unstable"
      ],
      "unfree": false,
      "version": "0.3.12",
      "outputs_to_install": [
        "out"
      ],
      "outputs": {
        "out": "/nix/store/lwxg7cdl346xjmih26hbr0vci0anpz16-ollama-0.3.12"
      },
      "system": "aarch64-linux",
      "group": "toplevel",
      "priority": 5
    },
    {
      "attr_path": "ollama",
      "broken": false,
      "derivation": "/nix/store/kqpbhvm40h8q26qlimsskxk8gxcjv0br-ollama-0.3.12.drv",
      "description": "Get up and running with large language models locally",
      "install_id": "ollama",
      "license": "MIT",
      "locked_url": "https://github.com/flox/nixpkgs?rev=18536bf04cd71abd345f9579158841376fdd0c5a",
      "name": "ollama-0.3.12",
      "pname": "ollama",
      "rev": "18536bf04cd71abd345f9579158841376fdd0c5a",
      "rev_count": 696981,
      "rev_date": "2024-10-25T18:19:15Z",
      "scrape_date": "2024-10-28T04:00:37Z",
      "stabilities": [
        "unstable"
      ],
      "unfree": false,
      "version": "0.3.12",
      "outputs_to_install": [
        "out"
      ],
      "outputs": {
        "out": "/nix/store/9ls7738xdnjcmjpi6ijpk21wm4awjq6i-ollama-0.3.12"
      },
      "system": "x86_64-linux",
      "group": "toplevel",
      "priority": 5
    },
    {
      "attr_path": "ollama",
      "broken": false,
      "derivation": "/nix/store/r49r6a78gawsqfby01r8hk1z551sbad0-ollama-0.3.12.drv",
      "description": "Get up and running with large language models locally",
      "install_id": "ollama",
      "license": "MIT",
      "locked_url": "https://github.com/flox/nixpkgs?rev=18536bf04cd71abd345f9579158841376fdd0c5a",
      "name": "ollama-0.3.12",
      "pname": "ollama",
      "rev": "18536bf04cd71abd345f9579158841376fdd0c5a",
      "rev_count": 696981,
      "rev_date": "2024-10-25T18:19:15Z",
      "scrape_date": "2024-10-28T04:00:37Z",
      "stabilities": [
        "unstable"
      ],
      "unfree": false,
      "version": "0.3.12",
      "outputs_to_install": [
        "out"
      ],
      "outputs": {
        "out": "/nix/store/f35r6q1dr4j2vjr203kgkrgx03zygi33-ollama-0.3.12"
      },
      "system": "x86_64-darwin",
      "group": "toplevel",
      "priority": 5
    },
    {
      "attr_path": "pkg-config",
      "broken": false,
      "derivation": "/nix/store/fvq4dbxi3isq4pb987vg4hwmy19cpgi3-pkg-config-wrapper-0.29.2.drv",
      "description": "Tool that allows packages to find out information about other packages (wrapper script)",
      "install_id": "pkg-config",
      "license": "GPL-2.0-or-later",
      "locked_url": "https://github.com/flox/nixpkgs?rev=18536bf04cd71abd345f9579158841376fdd0c5a",
      "name": "pkg-config-wrapper-0.29.2",
      "pname": "pkg-config",
      "rev": "18536bf04cd71abd345f9579158841376fdd0c5a",
      "rev_count": 696981,
      "rev_date": "2024-10-25T18:19:15Z",
      "scrape_date": "2024-10-28T04:00:37Z",
      "stabilities": [
        "unstable"
      ],
      "unfree": false,
      "version": "wrapper-0.29.2",
      "outputs_to_install": [
        "out",
        "man"
      ],
      "outputs": {
        "doc": "/nix/store/nw4nlx2v34v8iy6mkq0b0i4ip0qy1v97-pkg-config-wrapper-0.29.2-doc",
        "man": "/nix/store/rynrbfp1j1cc012hq46sss03r2vgh13k-pkg-config-wrapper-0.29.2-man",
        "out": "/nix/store/x1779s197x1g32pfbm2xaqp4v7158z7l-pkg-config-wrapper-0.29.2"
      },
      "system": "aarch64-darwin",
      "group": "toplevel",
      "priority": 5
    },
    {
      "attr_path": "pkg-config",
      "broken": false,
      "derivation": "/nix/store/my7g95dcw96l17na4isxmc0k5sydkmbj-pkg-config-wrapper-0.29.2.drv",
      "description": "Tool that allows packages to find out information about other packages (wrapper script)",
      "install_id": "pkg-config",
      "license": "GPL-2.0-or-later",
      "locked_url": "https://github.com/flox/nixpkgs?rev=18536bf04cd71abd345f9579158841376fdd0c5a",
      "name": "pkg-config-wrapper-0.29.2",
      "pname": "pkg-config",
      "rev": "18536bf04cd71abd345f9579158841376fdd0c5a",
      "rev_count": 696981,
      "rev_date": "2024-10-25T18:19:15Z",
      "scrape_date": "2024-10-28T04:00:37Z",
      "stabilities": [
        "unstable"
      ],
      "unfree": false,
      "version": "wrapper-0.29.2",
      "outputs_to_install": [
        "out",
        "man"
      ],
      "outputs": {
        "doc": "/nix/store/vqlzlfdzqi1phgx3dgqdzk00748b26n0-pkg-config-wrapper-0.29.2-doc",
        "man": "/nix/store/hnl03h5w8rpaxgw9495f6ixl324y4lpx-pkg-config-wrapper-0.29.2-man",
        "out": "/nix/store/m4snqj8ijxs3cjrc8vxmpd7z141a52s6-pkg-config-wrapper-0.29.2"
      },
      "system": "aarch64-linux",
      "group": "toplevel",
      "priority": 5
    },
    {
      "attr_path": "pkg-config",
      "broken": false,
      "derivation": "/nix/store/daaa520fvqr4s1rbk9hd28aq9jch2w4c-pkg-config-wrapper-0.29.2.drv",
      "description": "Tool that allows packages to find out information about other packages (wrapper script)",
      "install_id": "pkg-config",
      "license": "GPL-2.0-or-later",
      "locked_url": "https://github.com/flox/nixpkgs?rev=18536bf04cd71abd345f9579158841376fdd0c5a",
      "name": "pkg-config-wrapper-0.29.2",
      "pname": "pkg-config",
      "rev": "18536bf04cd71abd345f9579158841376fdd0c5a",
      "rev_count": 696981,
      "rev_date": "2024-10-25T18:19:15Z",
      "scrape_date": "2024-10-28T04:00:37Z",
      "stabilities": [
        "unstable"
      ],
      "unfree": false,
      "version": "wrapper-0.29.2",
      "outputs_to_install": [
        "out",
        "man"
      ],
      "outputs": {
        "doc": "/nix/store/78pnh0l35ckpdxw13gamc8bs9b55cxin-pkg-config-wrapper-0.29.2-doc",
        "man": "/nix/store/5jkknl6287w5kkniyrkmj5i2sqcdr4jp-pkg-config-wrapper-0.29.2-man",
        "out": "/nix/store/mi7q9m86m3rkqmc0niyvfv25ji9fxxha-pkg-config-wrapper-0.29.2"
      },
      "system": "x86_64-linux",
      "group": "toplevel",
      "priority": 5
    },
    {
      "attr_path": "pkg-config",
      "broken": false,
      "derivation": "/nix/store/4mzympybd01l9lqhfmw4acnilijgj59a-pkg-config-wrapper-0.29.2.drv",
      "description": "Tool that allows packages to find out information about other packages (wrapper script)",
      "install_id": "pkg-config",
      "license": "GPL-2.0-or-later",
      "locked_url": "https://github.com/flox/nixpkgs?rev=18536bf04cd71abd345f9579158841376fdd0c5a",
      "name": "pkg-config-wrapper-0.29.2",
      "pname": "pkg-config",
      "rev": "18536bf04cd71abd345f9579158841376fdd0c5a",
      "rev_count": 696981,
      "rev_date": "2024-10-25T18:19:15Z",
      "scrape_date": "2024-10-28T04:00:37Z",
      "stabilities": [
        "unstable"
      ],
      "unfree": false,
      "version": "wrapper-0.29.2",
      "outputs_to_install": [
        "out",
        "man"
      ],
      "outputs": {
        "doc": "/nix/store/lrsnjnqpvfyj7s15d4k41pl83dc3y6fi-pkg-config-wrapper-0.29.2-doc",
        "man": "/nix/store/rcpfih5fin18ij985rmsxxw4535nwmax-pkg-config-wrapper-0.29.2-man",
        "out": "/nix/store/fz33c0w5zjragrniihagc367gyq6x165-pkg-config-wrapper-0.29.2"
      },
      "system": "x86_64-darwin",
      "group": "toplevel",
      "priority": 5
    },
    {
      "attr_path": "python311",
      "broken": false,
      "derivation": "/nix/store/vxczacs70w7kxr4gyp3rpx7c83rqpw8g-python3-3.11.10.drv",
      "description": "High-level dynamically-typed programming language",
      "install_id": "python",
      "license": "Python-2.0",
      "locked_url": "https://github.com/flox/nixpkgs?rev=18536bf04cd71abd345f9579158841376fdd0c5a",
      "name": "python3-3.11.10",
      "pname": "python311",
      "rev": "18536bf04cd71abd345f9579158841376fdd0c5a",
      "rev_count": 696981,
      "rev_date": "2024-10-25T18:19:15Z",
      "scrape_date": "2024-10-28T04:00:37Z",
      "stabilities": [
        "unstable"
      ],
      "unfree": false,
      "version": "python3-3.11.10",
      "outputs_to_install": [
        "out"
      ],
      "outputs": {
        "out": "/nix/store/nixf1pwf0irygcdk81xh4lz7zfa2k06y-python3-3.11.10"
      },
      "system": "aarch64-darwin",
      "group": "toplevel",
      "priority": 5
    },
    {
      "attr_path": "python311",
      "broken": false,
      "derivation": "/nix/store/6ba2vxwzchsj8zjmb1ys0760s3vxm747-python3-3.11.10.drv",
      "description": "High-level dynamically-typed programming language",
      "install_id": "python",
      "license": "Python-2.0",
      "locked_url": "https://github.com/flox/nixpkgs?rev=18536bf04cd71abd345f9579158841376fdd0c5a",
      "name": "python3-3.11.10",
      "pname": "python311",
      "rev": "18536bf04cd71abd345f9579158841376fdd0c5a",
      "rev_count": 696981,
      "rev_date": "2024-10-25T18:19:15Z",
      "scrape_date": "2024-10-28T04:00:37Z",
      "stabilities": [
        "unstable"
      ],
      "unfree": false,
      "version": "python3-3.11.10",
      "outputs_to_install": [
        "out"
      ],
      "outputs": {
        "debug": "/nix/store/b5jmgp4kirkb1ndm13l5icval34hl75d-python3-3.11.10-debug",
        "out": "/nix/store/k5457x40win21kxxqdff2771hrpbiwfh-python3-3.11.10"
      },
      "system": "aarch64-linux",
      "group": "toplevel",
      "priority": 5
    },
    {
      "attr_path": "python311",
      "broken": false,
      "derivation": "/nix/store/ybq8dz3fsw31kw2wsmwyc2wmzn81vg08-python3-3.11.10.drv",
      "description": "High-level dynamically-typed programming language",
      "install_id": "python",
      "license": "Python-2.0",
      "locked_url": "https://github.com/flox/nixpkgs?rev=18536bf04cd71abd345f9579158841376fdd0c5a",
      "name": "python3-3.11.10",
      "pname": "python311",
      "rev": "18536bf04cd71abd345f9579158841376fdd0c5a",
      "rev_count": 696981,
      "rev_date": "2024-10-25T18:19:15Z",
      "scrape_date": "2024-10-28T04:00:37Z",
      "stabilities": [
        "unstable"
      ],
      "unfree": false,
      "version": "python3-3.11.10",
      "outputs_to_install": [
        "out"
      ],
      "outputs": {
        "debug": "/nix/store/b1qysg4jpcl4vhqpa32hfvgny2zf1p88-python3-3.11.10-debug",
        "out": "/nix/store/0bygl9k94j0xkxq7cmxnpqdqf8va5k7j-python3-3.11.10"
      },
      "system": "x86_64-linux",
      "group": "toplevel",
      "priority": 5
    },
    {
      "attr_path": "python311",
      "broken": false,
      "derivation": "/nix/store/lf4rg4wc8z9v2iw17c1avdqwv266vykc-python3-3.11.10.drv",
      "description": "High-level dynamically-typed programming language",
      "install_id": "python",
      "license": "Python-2.0",
      "locked_url": "https://github.com/flox/nixpkgs?rev=18536bf04cd71abd345f9579158841376fdd0c5a",
      "name": "python3-3.11.10",
      "pname": "python311",
      "rev": "18536bf04cd71abd345f9579158841376fdd0c5a",
      "rev_count": 696981,
      "rev_date": "2024-10-25T18:19:15Z",
      "scrape_date": "2024-10-28T04:00:37Z",
      "stabilities": [
        "unstable"
      ],
      "unfree": false,
      "version": "python3-3.11.10",
      "outputs_to_install": [
        "out"
      ],
      "outputs": {
        "out": "/nix/store/fpxwlwmhwha4krcipji4f4cbq30v75jl-python3-3.11.10"
      },
      "system": "x86_64-darwin",
      "group": "toplevel",
      "priority": 5
    },
    {
      "attr_path": "weaviate",
      "broken": false,
      "derivation": "/nix/store/2dvsxh0zmjpg956m1b6z89kcmmdb19cm-weaviate-1.26.6.drv",
      "description": "ML-first vector search engine",
      "install_id": "weaviate",
      "license": "BSD-3-Clause",
      "locked_url": "https://github.com/flox/nixpkgs?rev=18536bf04cd71abd345f9579158841376fdd0c5a",
      "name": "weaviate-1.26.6",
      "pname": "weaviate",
      "rev": "18536bf04cd71abd345f9579158841376fdd0c5a",
      "rev_count": 696981,
      "rev_date": "2024-10-25T18:19:15Z",
      "scrape_date": "2024-10-28T04:00:37Z",
      "stabilities": [
        "unstable"
      ],
      "unfree": false,
      "version": "1.26.6",
      "outputs_to_install": [
        "out"
      ],
      "outputs": {
        "out": "/nix/store/w51p01ajy4nksmy2vb0mn6xp0zc24kyf-weaviate-1.26.6"
      },
      "system": "aarch64-darwin",
      "group": "toplevel",
      "priority": 5
    },
    {
      "attr_path": "weaviate",
      "broken": false,
      "derivation": "/nix/store/sy6ghzz4vvl20r1anig1vpklv5x211jk-weaviate-1.26.6.drv",
      "description": "ML-first vector search engine",
      "install_id": "weaviate",
      "license": "BSD-3-Clause",
      "locked_url": "https://github.com/flox/nixpkgs?rev=18536bf04cd71abd345f9579158841376fdd0c5a",
      "name": "weaviate-1.26.6",
      "pname": "weaviate",
      "rev": "18536bf04cd71abd345f9579158841376fdd0c5a",
      "rev_count": 696981,
      "rev_date": "2024-10-25T18:19:15Z",
      "scrape_date": "2024-10-28T04:00:37Z",
      "stabilities": [
        "unstable"
      ],
      "unfree": false,
      "version": "1.26.6",
      "outputs_to_install": [
        "out"
      ],
      "outputs": {
        "out": "/nix/store/lb0dh8v8dp19zn6wqmc32nnsfq47b124-weaviate-1.26.6"
      },
      "system": "aarch64-linux",
      "group": "toplevel",
      "priority": 5
    },
    {
      "attr_path": "weaviate",
      "broken": false,
      "derivation": "/nix/store/r4xsxrv0kvyh7f9hlgvxzyvf99qf4ijs-weaviate-1.26.6.drv",
      "description": "ML-first vector search engine",
      "install_id": "weaviate",
      "license": "BSD-3-Clause",
      "locked_url": "https://github.com/flox/nixpkgs?rev=18536bf04cd71abd345f9579158841376fdd0c5a",
      "name": "weaviate-1.26.6",
      "pname": "weaviate",
      "rev": "18536bf04cd71abd345f9579158841376fdd0c5a",
      "rev_count": 696981,
      "rev_date": "2024-10-25T18:19:15Z",
      "scrape_date": "2024-10-28T04:00:37Z",
      "stabilities": [
        "unstable"
      ],
      "unfree": false,
      "version": "1.26.6",
      "outputs_to_install": [
        "out"
      ],
      "outputs": {
        "out": "/nix/store/qdlxm7wsbxy41jmdh07x4z9g8p5abisd-weaviate-1.26.6"
      },
      "system": "x86_64-linux",
      "group": "toplevel",
      "priority": 5
    },
    {
      "attr_path": "weaviate",
      "broken": false,
      "derivation": "/nix/store/02hwwwm0392bajb5bd4h23bff2p0xmbr-weaviate-1.26.6.drv",
      "description": "ML-first vector search engine",
      "install_id": "weaviate",
      "license": "BSD-3-Clause",
      "locked_url": "https://github.com/flox/nixpkgs?rev=18536bf04cd71abd345f9579158841376fdd0c5a",
      "name": "weaviate-1.26.6",
      "pname": "weaviate",
      "rev": "18536bf04cd71abd345f9579158841376fdd0c5a",
      "rev_count": 696981,
      "rev_date": "2024-10-25T18:19:15Z",
      "scrape_date": "2024-10-28T04:00:37Z",
      "stabilities": [
        "unstable"
      ],
      "unfree": false,
      "version": "1.26.6",
      "outputs_to_install": [
        "out"
      ],
      "outputs": {
        "out": "/nix/store/k3f5ky096vxbmmdsvkfwnkgzwxxpgi34-weaviate-1.26.6"
      },
      "system": "x86_64-darwin",
      "group": "toplevel",
      "priority": 5
    }
  ]
}